github.com/BurntSushi/freetype-go v0.0.0-20160129220410-b763ddbfe298/go.mod h1:D+QujdIlUNfa0igpNMk6UIvlb6C252URs4yupRUV4lQ=
github.com/BurntSushi/graphics-go v0.0.0-20160129215708-b43f31a4a966/go.mod h1:Mid70uvE93zn9wgF92A/r5ixgnvX8Lh68fxp9KQBaI0=
github.com/atotto/clipboard v0.1.4 h1:EH0zSVneZPSuFR11BlR9YppQTVDbh5+16AmcJi4g1z4=
github.com/atotto/clipboard v0.1.4/go.mod h1:ZY9tmq7sm5xIbd9bOK4onWV4S6X0u6GY7Vn0Yu86PYI=
github.com/aymanbagabas/go-osc52/v2 v2.0.1 h1:HwpRHbFMcZLEVr42D4p7XBqjyuxQH5SMiErDT4WkJ2k=
github.com/aymanbagabas/go-osc52/v2 v2.0.1/go.mod h1:uYgXzlJ7ZpABp8OJ+exZzJJhRNQ2ASbcXHWsFqH8hp8=
github.com/charmbracelet/bubbles v0.16.1 h1:6uzpAAaT9ZqKssntbvZMlksWHruQLNxg49H5WdeuYSY=
github.com/charmbracelet/bubbles v0.16.1/go.mod h1:2QCp9LFlEsBQMvIYERr7Ww2H2bA7xen1idUDIzm/+Xc=
github.com/charmbracelet/bubbletea v0.24.2 h1:uaQIKx9Ai6Gdh5zpTbGiWpytMU+CfsPp06RaW2cx/SY=
github.com/charmbracelet/bubbletea v0.24.2/go.mod h1:XdrNrV4J8GiyshTtx3DNuYkR1FDaJmO3l2nejekbsgg=
github.com/charmbracelet/lipgloss v0.7.1 h1:17WMwi7N1b1rVWOjMT+rCh7sQkvDU75B2hbZpc5Kc1E=
github.com/charmbracelet/lipgloss v0.7.1/go.mod h1:yG0k3giv8Qj8edTCbbg6AlQ5e8KNWpFujkNawKNhE2c=
github.com/containerd/console v1.0.4-0.20230313162750-1ae8d489ac81 h1:q2hJAaP1k2wIvVRd/hEHD7lacgqrCPS+k8g1MndzfWY=
github.com/containerd/console v1.0.4-0.20230313162750-1ae8d489ac81/go.mod h1:YynlIjWYF8myEu6sdkwKIvGQq+cOckRm6So2avqoYAk=
github.com/cpuguy83/go-md2man/v2 v2.0.2/go.mod h1:tgQtvFlXSQOSOSIRvRPT7W67SCa46tRHOmNcaadrF8o=
github.com/davecgh/go-spew v1.1.0/go.mod h1:J7Y8YcW2NihsgmVo/mv3lAwl/skON4iLHjSsI+c5H38=
github.com/davecgh/go-spew v1.1.1/go.mod h1:J7Y8YcW2NihsgmVo/mv3lAwl/skON4iLHjSsI+c5H38=
github.com/dblohm7/wingoes v0.0.0-20240820181039-f2b84150679e h1:L+XrFvD0vBIBm+Wf9sFN6aU395t7JROoai0qXZraA4U=
github.com/dblohm7/wingoes v0.0.0-20240820181039-f2b84150679e/go.mod h1:SUxUaAK/0UG5lYyZR1L1nC4AaYYvSSYTWQSH3FPcxKU=
github.com/ebitengine/purego v0.8.3 h1:K+0AjQp63JEZTEMZiwsI9g0+hAMNohwUOtY0RPGexmc=
github.com/ebitengine/purego v0.8.3/go.mod h1:iIjxzd6CiRiOG0UyXP+V1+jWqUXVjPKLAI0mRfJZTmQ=
github.com/gen2brain/shm v0.0.0-20230802011745-f2460f5984f7 h1:VLEKvjGJYAMCXw0/32r9io61tEXnMWDRxMk+peyRVFc=
github.com/gen2brain/shm v0.0.0-20230802011745-f2460f5984f7/go.mod h1:uF6rMu/1nvu+5DpiRLwusA6xB8zlkNoGzKn8lmYONUo=
github.com/gen2brain/shm v0.1.1 h1:1cTVA5qcsUFixnDHl14TmRoxgfWEEZlTezpUj1vm5uQ=
github.com/gen2brain/shm v0.1.1/go.mod h1:UgIcVtvmOu+aCJpqJX7GOtiN7X2ct+TKLg4RTxwPIUA=
github.com/go-ole/go-ole v1.2.6/go.mod h1:pprOEPIfldk/42T2oK7lQ4v4JSDwmV0As9GaiUsvbm0=
github.com/go-ole/go-ole v1.3.0 h1:Dt6ye7+vXGIKZ7Xtk4s6/xVdGDQynvom7xCFEdWr6uE=
github.com/go-ole/go-ole v1.3.0/go.mod h1:5LS6F96DhAwUc7C+1HLexzMXY1xGRSryjyPPKW6zv78=
github.com/go-vgo/robotgo v0.100.10/go.mod h1:7QeIpSHX7bjeXWRPxvQeKSx9mHI+3l80Ahq+CQF0C68=
github.com/go-vgo/robotgo v0.110.1 h1:2etpOzsBBt9KJOxDBFBVYzE4/U7gRrsnB9dxuujRMTw=
github.com/go-vgo/robotgo v0.110.1/go.mod h1:DdJUdi6mEU8ttHMbow6hKD1TjgsfgJC/H+4dusok8Uw=
github.com/go-vgo/robotgo v0.110.8 h1:tWoUyqlZgDJ61bQju3WGSb/NIIfNV4TkYL3GFeWcHio=
github.com/go-vgo/robotgo v0.110.8/go.mod h1:45w33PzprtFncpw4cAt9SzMtSY9XnVfotu+RrCVN8JE=
github.com/godbus/dbus/v5 v5.1.0 h1:4KLkAxT3aOY8Li4FRJe/KvhoNFFxo0m6fNuFUO8QJUk=
github.com/godbus/dbus/v5 v5.1.0/go.mod h1:xhWf0FNVPg57R7Z0UbKHbJfkEywrmjJnf7w5xrFpKfA=
github.com/google/go-cmp v0.5.6/go.mod h1:v8dTdLbMG2kIc/vJvl+f65V22dbkXbowE6jgT/gNBxE=
github.com/google/go-cmp v0.5.9/go.mod h1:17dUlkBOakJ0+DkrSSNjCkIjxS6bF9zb3elmeNGIjoY=
github.com/inconshreveable/mousetrap v1.1.0 h1:wN+x4NVGpMsO7ErUn/mUI3vEoE6Jt13X2s0bqwp9tc8=
github.com/inconshreveable/mousetrap v1.1.0/go.mod h1:vpF70FUmC8bwa3OWnCshd2FqLfsEA9PFc4w1p2J65bw=
github.com/jezek/xgb v1.1.0 h1:wnpxJzP1+rkbGclEkmwpVFQWpuE2PUGNUzP8SbfFobk=
github.com/jezek/xgb v1.1.0/go.mod h1:nrhwO0FX/enq75I7Y7G8iN1ubpSGZEiA3v9e9GyRFlk=
github.com/jezek/xgb v1.1.1 h1:bE/r8ZZtSv7l9gk6nU0mYx51aXrvnyb44892TwSaqS4=
github.com/jezek/xgb v1.1.1/go.mod h1:nrhwO0FX/enq75I7Y7G8iN1ubpSGZEiA3v9e9GyRFlk=
github.com/kbinani/screenshot v0.0.0-20230812210009-b87d31814237 h1:YOp8St+CM/AQ9Vp4XYm4272E77MptJDHkwypQHIRl9Q=
github.com/kbinani/screenshot v0.0.0-20230812210009-b87d31814237/go.mod h1:e7qQlOY68wOz4b82D7n+DdaptZAi+SHW0+yKiWZzEYE=
github.com/kylelemons/godebug v1.1.0 h1:RPNrshWIDI6G2gRW9EHilWtl7Z6Sb1BR0xunSBf0SNc=
github.com/lucasb-eyer/go-colorful v1.2.0 h1:1nnpGOrhyZZuNyfu1QjKiUICQ74+3FNCN69Aj6K7nkY=
github.com/lucasb-eyer/go-colorful v1.2.0/go.mod h1:R4dSotOR9KMtayYi1e77YzuveK+i7ruzyGqttikkLy0=
github.com/lufia/plan9stats v0.0.0-20211012122336-39d0f177ccd0/go.mod h1:zJYVVT2jmtg6P3p1VtQj7WsuWi/y4VnjVBn7F8KPB3I=
github.com/lufia/plan9stats v0.0.0-20230326075908-cb1d2100619a h1:N9zuLhTvBSRt0gWSiJswwQ2HqDmtX/ZCDJURnKUt1Ik=
github.com/lufia/plan9stats v0.0.0-20230326075908-cb1d2100619a/go.mod h1:JKx41uQRwqlTZabZc+kILPrO/3jlKnQ2Z8b7YiVw5cE=
github.com/lufia/plan9stats v0.0.0-20250317134145-8bc96cf8fc35 h1:PpXWgLPs+Fqr325bN2FD2ISlRRztXibcX6e8f5FR5Dc=
github.com/lufia/plan9stats v0.0.0-20250317134145-8bc96cf8fc35/go.mod h1:autxFIvghDt3jPTLoqZ9OZ7s9qTGNAWmYCjVFWPX/zg=
github.com/lxn/win v0.0.0-20210218163916-a377121e959e h1:H+t6A/QJMbhCSEH5rAuRxh+CtW96g0Or0Fxa9IKr4uc=
github.com/lxn/win v0.0.0-20210218163916-a377121e959e/go.mod h1:KxxjdtRkfNoYDCUP5ryK7XJJNTnpC8atvtmTheChOtk=
github.com/mattn/go-isatty v0.0.18 h1:DOKFKCQ7FNG2L1rbrmstDN4QVRdS89Nkh85u68Uwp98=
github.com/mattn/go-isatty v0.0.18/go.mod h1:W+V8PltTTMOvKvAeJH7IuucS94S2C6jfK/D7dTCTo3Y=
github.com/mattn/go-localereader v0.0.1 h1:ygSAOl7ZXTx4RdPYinUpg6W99U8jWvWi9Ye2JC/oIi4=
github.com/mattn/go-localereader v0.0.1/go.mod h1:8fBrzywKY7BI3czFoHkuzRoWE9C+EiG4R1k4Cjx5p88=
github.com/mattn/go-runewidth v0.0.12/go.mod h1:RAqKPSqVFrSLVXbA8x7dzmKdmGzieGRCM46jaSJTDAk=
github.com/mattn/go-runewidth v0.0.14 h1:+xnbZSEeDbOIg5/mE6JF0w6n9duR1l3/WmbinWVwUuU=
github.com/mattn/go-runewidth v0.0.14/go.mod h1:Jdepj2loyihRzMpdS35Xk/zdY8IAYHsh153qUoGf23w=
github.com/muesli/ansi v0.0.0-20211018074035-2e021307bc4b h1:1XF24mVaiu7u+CFywTdcDo2ie1pzzhwjt6RHqzpMU34=
github.com/muesli/ansi v0.0.0-20211018074035-2e021307bc4b/go.mod h1:fQuZ0gauxyBcmsdE3ZT4NasjaRdxmbCS0jRHsrWu3Ho=
github.com/muesli/cancelreader v0.2.2 h1:3I4Kt4BQjOR54NavqnDogx/MIoWBFa0StPA8ELUXHmA=
github.com/muesli/cancelreader v0.2.2/go.mod h1:3XuTXfFS2VjM+HTLZY9Ak0l6eUKfijIfMUZ4EgX0QYo=
github.com/muesli/reflow v0.3.0 h1:IFsN6K9NfGtjeggFP+68I4chLZV2yIKsXJFNZ+eWh6s=
github.com/muesli/reflow v0.3.0/go.mod h1:pbwTDkVPibjO2kyvBQRBxTWEEGDGq0FlB1BIKtnHY/8=
github.com/muesli/termenv v0.15.1 h1:UzuTb/+hhlBugQz28rpzey4ZuKcZ03MeKsoG7IJZIxs=
github.com/muesli/termenv v0.15.1/go.mod h1:HeAQPTzpfs016yGtA4g00CsdYnVLJvxsS4ANqrZs2sQ=
github.com/otiai10/gosseract v2.2.1+incompatible h1:Ry5ltVdpdp4LAa2bMjsSJH34XHVOV7XMi41HtzL8X2I=
github.com/otiai10/gosseract v2.2.1+incompatible/go.mod h1:XrzWItCzCpFRZ35n3YtVTgq5bLAhFIkascoRo8G32QE=
github.com/pmezard/go-difflib v1.0.0/go.mod h1:iKH77koFhYxTK1pcRnkKkqfTogsbg7gZNVY4sRDYZ/4=
github.com/power-devops/perfstat v0.0.0-20210106213030-5aafc221ea8c/go.mod h1:OmDBASR4679mdNQnz2pUhc2G8CO2JrUAVFDRBDP/hJE=
github.com/power-devops/perfstat v0.0.0-20221212215047-62379fc7944b h1:0LFwY6Q3gMACTjAbMZBjXAqTOzOwFaj2Ld6cjeQ7Rig=
github.com/power-devops/perfstat v0.0.0-20221212215047-62379fc7944b/go.mod h1:OmDBASR4679mdNQnz2pUhc2G8CO2JrUAVFDRBDP/hJE=
github.com/power-devops/perfstat v0.0.0-20240221224432-82ca36839d55 h1:o4JXh1EVt9k/+g42oCprj/FisM4qX9L3sZB3upGN2ZU=
github.com/power-devops/perfstat v0.0.0-20240221224432-82ca36839d55/go.mod h1:OmDBASR4679mdNQnz2pUhc2G8CO2JrUAVFDRBDP/hJE=
github.com/rivo/uniseg v0.1.0/go.mod h1:J6wj4VEh+S6ZtnVlnTBMWIodfgj8LQOQFoIToxlJtxc=
github.com/rivo/uniseg v0.2.0 h1:S1pD9weZBuJdFmowNwbpi7BJ8TNftyUImj/0WQi72jY=
github.com/rivo/uniseg v0.2.0/go.mod h1:J6wj4VEh+S6ZtnVlnTBMWIodfgj8LQOQFoIToxlJtxc=
github.com/robotn/xgb v0.0.0-20190912153532-2cb92d044934 h1:2lhSR8N3T6I30q096DT7/5AKEIcf1vvnnWAmS0wfnNY=
github.com/robotn/xgb v0.0.0-20190912153532-2cb92d044934/go.mod h1:SxQhJskUJ4rleVU44YvnrdvxQr0tKy5SRSigBrCgyyQ=
github.com/robotn/xgb v0.10.0 h1:O3kFbIwtwZ3pgLbp1h5slCQ4OpY8BdwugJLrUe6GPIM=
github.com/robotn/xgb v0.10.0/go.mod h1:SxQhJskUJ4rleVU44YvnrdvxQr0tKy5SRSigBrCgyyQ=
github.com/robotn/xgbutil v0.0.0-20190912154524-c861d6f87770 h1:2uX8QRLkkxn2EpAQ6I3KhA79BkdRZfvugJUzJadiJwk=
github.com/robotn/xgbutil v0.0.0-20190912154524-c861d6f87770/go.mod h1:svkDXUDQjUiWzLrA0OZgHc4lbOts3C+uRfP6/yjwYnU=
github.com/robotn/xgbutil v0.10.0 h1:gvf7mGQqCWQ68aHRtCxgdewRk+/KAJui6l3MJQQRCKw=
github.com/robotn/xgbutil v0.10.0/go.mod h1:svkDXUDQjUiWzLrA0OZgHc4lbOts3C+uRfP6/yjwYnU=
github.com/russross/blackfriday/v2 v2.1.0/go.mod h1:+Rmxgy9KzJVeS9/2gXHxylqXiyQDYRxCVz55jmeOWTM=
github.com/sahilm/fuzzy v0.1.0 h1:FzWGaw2Opqyu+794ZQ9SYifWv2EIXpwP4q8dY1kDAwI=
github.com/sahilm/fuzzy v0.1.0/go.mod h1:VFvziUEIMCrT6A6tw2RFIXPXXmzXbOsSHF0DOI8ZK9Y=
github.com/shirou/gopsutil/v3 v3.23.8 h1:xnATPiybo6GgdRoC4YoGnxXZFRc3dqQTGi73oLvvBrE=
github.com/shirou/gopsutil/v3 v3.23.8/go.mod h1:7hmCaBn+2ZwaZOr6jmPBZDfawwMGuo1id3C6aM8EDqQ=
github.com/shirou/gopsutil/v4 v4.25.4 h1:cdtFO363VEOOFrUCjZRh4XVJkb548lyF0q0uTeMqYPw=
github.com/shirou/gopsutil/v4 v4.25.4/go.mod h1:xbuxyoZj+UsgnZrENu3lQivsngRR5BdjbJwf2fv4szA=
github.com/shoenig/go-m1cpu v0.1.6 h1:nxdKQNcEB6vzgA2E2bvzKIYRuNj7XNJ4S/aRSwKzFtM=
github.com/shoenig/go-m1cpu v0.1.6/go.mod h1:1JJMcUBvfNwpq05QDQVAnx3gUHr9IYF7GNg9SUEw2VQ=
github.com/shoenig/test v0.6.4/go.mod h1:byHiCGXqrVaflBLAMq/srcZIHynQPQgeyvkvXnjqq0k=
github.com/spf13/cobra v1.7.0 h1:hyqWnYt1ZQShIddO5kBpj3vu05/++x6tJ6dg8EC572I=
github.com/spf13/cobra v1.7.0/go.mod h1:uLxZILRyS/50WlhOIKD7W6V5bgeIt+4sICxh6uRMrb0=
github.com/spf13/pflag v1.0.5 h1:iy+VFUOCP1a+8yFto/drg2CJ5u0yRoB7fZw3DKv/JXA=
github.com/spf13/pflag v1.0.5/go.mod h1:McXfInJRrz4CZXVZOBLb0bTZqETkiAhM9Iw0y3An2Bg=
github.com/stretchr/objx v0.1.0/go.mod h1:HFkY916IF+rwdDfMAkV7OtwuqBVzrE8GR6GFx+wExME=
github.com/stretchr/objx v0.4.0/go.mod h1:YvHI0jy2hoMjB+UWwv71VJQ9isScKT/TqJzVSSt89Yw=
github.com/stretchr/objx v0.5.0/go.mod h1:Yh+to48EsGEfYuaHDzXPcE3xhTkx73EhmCGUpEOglKo=
github.com/stretchr/testify v1.7.1/go.mod h1:6Fq8oRcR53rry900zMqJjRRixrwX3KX962/h/Wwjteg=
github.com/stretchr/testify v1.8.0/go.mod h1:yNjHg4UonilssWZ8iaSj1OCr/vHnekPRkoO+kdMU+MU=
github.com/stretchr/testify v1.8.4/go.mod h1:sz/lmYIOXD/1dqDmKjjqLyZ2RngseejIcXlSw2iwfAo=
github.com/tailscale/win v0.0.0-20250213223159-5992cb43ca35 h1:wAZbkTZkqDzWsqxPh2qkBd3KvFU7tcxV0BP0Rnhkxog=
github.com/tailscale/win v0.0.0-20250213223159-5992cb43ca35/go.mod h1:aMd4yDHLjbOuYP6fMxj1d9ACDQlSWwYztcpybGHCQc8=
github.com/tklauser/go-sysconf v0.3.12 h1:0QaGUFOdQaIVdPgfITYzaTegZvdCjmYO52cSFAEVmqU=
github.com/tklauser/go-sysconf v0.3.12/go.mod h1:Ho14jnntGE1fpdOqQEEaiKRpvIavV0hSfmBq8nJbHYI=
github.com/tklauser/go-sysconf v0.3.15 h1:VE89k0criAymJ/Os65CSn1IXaol+1wrsFHEB8Ol49K4=
github.com/tklauser/go-sysconf v0.3.15/go.mod h1:Dmjwr6tYFIseJw7a3dRLJfsHAMXZ3nEnL/aZY+0IuI4=
github.com/tklauser/numcpus v0.6.1 h1:ng9scYS7az0Bk4OZLvrNXNSAO2Pxr1XXRAPyjhIx+Fk=
github.com/tklauser/numcpus v0.6.1/go.mod h1:1XfjsgE2zo8GVw7POkMbHENHzVg3GzmoZ9fESEdAacY=
github.com/tklauser/numcpus v0.10.0 h1:18njr6LDBk1zuna922MgdjQuJFjrdppsZG60sHGfjso=
github.com/tklauser/numcpus v0.10.0/go.mod h1:BiTKazU708GQTYF4mB+cmlpT2Is1gLk7XVuEeem8LsQ=
github.com/vcaesar/gops v0.30.2 h1:fANyUGCjLkfcYmJRVnXv+QZhT8cL2e0GWpRFZe58p/4=
github.com/vcaesar/gops v0.30.2/go.mod h1:2NSA2Q9M1irGnGD9tWdo0Z+MwKjUj4Q4EgUDukN/Vsk=
github.com/vcaesar/gops v0.41.0 h1:FG748Jyw3FOuZnbzSgB+CQSx2e5LbLCPWV2JU1brFdc=
github.com/vcaesar/gops v0.41.0/go.mod h1:/3048L7Rj7QjQKTSB+kKc7hDm63YhTWy5QJ10TCP37A=
github.com/vcaesar/imgo v0.40.0 h1:okI1eonRAfGLzjqgTIBkUwhm4j/rH19qGno4eFOBQsc=
github.com/vcaesar/imgo v0.40.0/go.mod h1:E5uI53XkEfbI20VvcIZ/19G2hHidPfH9h4NtQooEY+8=
github.com/vcaesar/imgo v0.41.0 h1:kNLYGrThXhB9Dd6IwFmfPnxq9P6yat2g7dpPjr7OWO8=
github.com/vcaesar/imgo v0.41.0/go.mod h1:/LGOge8etlzaVu/7l+UfhJxR6QqaoX5yeuzGIMfWb4I=
github.com/vcaesar/keycode v0.10.1 h1:0DesGmMAPWpYTCYddOFiCMKCDKgNnwiQa2QXindVUHw=
github.com/vcaesar/keycode v0.10.1/go.mod h1:JNlY7xbKsh+LAGfY2j4M3znVrGEm5W1R8s/Uv6BJcfQ=
github.com/vcaesar/screenshot v0.11.1 h1:GgPuN89XC4Yh38dLx4quPlSo3YiWWhwIria/j3LtrqU=
github.com/vcaesar/screenshot v0.11.1/go.mod h1:gJNwHBiP1v1v7i8TQ4yV1XJtcyn2I/OJL7OziVQkwjs=
github.com/vcaesar/tt v0.20.0 h1:9t2Ycb9RNHcP0WgQgIaRKJBB+FrRdejuaL6uWIHuoBA=
github.com/vcaesar/tt v0.20.0/go.mod h1:GHPxQYhn+7OgKakRusH7KJ0M5MhywoeLb8Fcffs/Gtg=
github.com/vcaesar/tt v0.20.1 h1:D/jUeeVCNbq3ad8M7hhtB3J9x5RZ6I1n1eZ0BJp7M+4=
github.com/vcaesar/tt v0.20.1/go.mod h1:cH2+AwGAJm19Wa6xvEa+0r+sXDJBT0QgNQey6mwqLeU=
github.com/yuin/goldmark v1.4.13/go.mod h1:6yULJ656Px+3vBD8DxQVa3kxgyrAnzto9xy5taEt/CY=
github.com/yusufpapurcu/wmi v1.2.3 h1:E1ctvB7uKFMOJw3fdOW32DwGE9I7t++CRUEMKvFoFiw=
github.com/yusufpapurcu/wmi v1.2.3/go.mod h1:SBZ9tNy3G9/m5Oi98Zks0QjeHVDvuK0qfxQmPyzfmi0=
github.com/yusufpapurcu/wmi v1.2.4 h1:zFUKzehAFReQwLys1b/iSMl+JQGSCSjtVqQn9bBrPo0=
github.com/yusufpapurcu/wmi v1.2.4/go.mod h1:SBZ9tNy3G9/m5Oi98Zks0QjeHVDvuK0qfxQmPyzfmi0=
golang.org/x/crypto v0.0.0-20190308221718-c2843e01d9a2/go.mod h1:djNgcEr1/C05ACkg1iLfiJU5Ep61QUkGW8qpdssI0+w=
golang.org/x/crypto v0.0.0-20210921155107-089bfa567519/go.mod h1:GvvjBRRGRdwPK5ydBHafDWAxML/pGHZbMvKqRZ5+Abc=
golang.org/x/exp v0.0.0-20250506013437-ce4c2cf36ca6 h1:y5zboxd6LQAqYIhHnB48p0ByQ/GnQx2BE33L8BOHQkI=
golang.org/x/exp v0.0.0-20250506013437-ce4c2cf36ca6/go.mod h1:U6Lno4MTRCDY+Ba7aCcauB9T60gsv5s4ralQzP72ZoQ=
golang.org/x/image v0.12.0 h1:w13vZbU4o5rKOFFR8y7M+c4A5jXDC0uXTdHYRP8X2DQ=
golang.org/x/image v0.12.0/go.mod h1:Lu90jvHG7GfemOIcldsh9A2hS01ocl6oNO7ype5mEnk=
golang.org/x/image v0.27.0 h1:C8gA4oWU/tKkdCfYT6T2u4faJu3MeNS5O8UPWlPF61w=
golang.org/x/image v0.27.0/go.mod h1:xbdrClrAUway1MUTEZDq9mz/UpRwYAkFFNUslZtcB+g=
golang.org/x/mod v0.6.0-dev.0.20220419223038-86c51ed26bb4/go.mod h1:jJ57K6gSWd91VN4djpZkiMVwK6gcyfeH4XE8wZrZaV4=
golang.org/x/mod v0.8.0/go.mod h1:iBbtSCu2XBx23ZKBPSOrRkjjQPZFPuis4dIYUhu/chs=
golang.org/x/net v0.0.0-20190620200207-3b0461eec859/go.mod h1:z5CRVTTTmAJ677TzLLGU+0bjPO0LkuOLi4/5GtJWs/s=
golang.org/x/net v0.0.0-20210226172049-e18ecbb05110/go.mod h1:m0MpNAwzfU5UDzcl9v0D8zg8gWTRqZa9RBIspLL5mdg=
golang.org/x/net v0.0.0-20220722155237-a158d28d115b/go.mod h1:XRhObCWvk6IyKnWLug+ECip1KBveYUHfp+8e9klMJ9c=
golang.org/x/net v0.6.0/go.mod h1:2Tu9+aMcznHK/AK1HMvgo6xiTLG5rD5rZLDS+rp2Bjs=
golang.org/x/sync v0.0.0-20190423024810-112230192c58/go.mod h1:RxMgew5VJxzue5/jJTE5uejpjVlOe/izrB70Jof72aM=
golang.org/x/sync v0.0.0-20220722155255-886fb9371eb4/go.mod h1:RxMgew5VJxzue5/jJTE5uejpjVlOe/izrB70Jof72aM=
golang.org/x/sync v0.1.0 h1:wsuoTGHzEhffawBOhz5CYhcrV4IdKZbEyZjBMuTp12o=
golang.org/x/sync v0.1.0/go.mod h1:RxMgew5VJxzue5/jJTE5uejpjVlOe/izrB70Jof72aM=
golang.org/x/sync v0.14.0/go.mod h1:1dzgHSNfp02xaA81J2MS99Qcpr2w7fw1gpm99rleRqA=
golang.org/x/sys v0.0.0-20190215142949-d0b11bdaac8a/go.mod h1:STP8DvDyc/dI5b8T5hshtkjS+E42TnysNCUPdjciGhY=
golang.org/x/sys v0.0.0-20190916202348-b4ddaad3f8a3/go.mod h1:h1NjWce9XRLGQEsW7wpKNCjG9DtNlClVuFLEZdDNbEs=
golang.org/x/sys v0.0.0-20201018230417-eeed37f84f13/go.mod h1:h1NjWce9XRLGQEsW7wpKNCjG9DtNlClVuFLEZdDNbEs=
golang.org/x/sys v0.0.0-20201119102817-f84b799fce68/go.mod h1:h1NjWce9XRLGQEsW7wpKNCjG9DtNlClVuFLEZdDNbEs=
golang.org/x/sys v0.0.0-20201204225414-ed752295db88/go.mod h1:h1NjWce9XRLGQEsW7wpKNCjG9DtNlClVuFLEZdDNbEs=
golang.org/x/sys v0.0.0-20210615035016-665e8c7367d1/go.mod h1:oPkhp1MJrh7nUepCBck5+mAzfO9JrbApNNgaTdGDITg=
golang.org/x/sys v0.0.0-20220520151302-bc2c85ada10a/go.mod h1:oPkhp1MJrh7nUepCBck5+mAzfO9JrbApNNgaTdGDITg=
golang.org/x/sys v0.0.0-20220722155257-8c9f86f7a55f/go.mod h1:oPkhp1MJrh7nUepCBck5+mAzfO9JrbApNNgaTdGDITg=
golang.org/x/sys v0.1.0/go.mod h1:oPkhp1MJrh7nUepCBck5+mAzfO9JrbApNNgaTdGDITg=
golang.org/x/sys v0.5.0/go.mod h1:oPkhp1MJrh7nUepCBck5+mAzfO9JrbApNNgaTdGDITg=
golang.org/x/sys v0.6.0 h1:MVltZSvRTcU2ljQOhs94SXPftV6DCNnZViHeQps87pQ=
golang.org/x/sys v0.6.0/go.mod h1:oPkhp1MJrh7nUepCBck5+mAzfO9JrbApNNgaTdGDITg=
golang.org/x/sys v0.8.0/go.mod h1:oPkhp1MJrh7nUepCBck5+mAzfO9JrbApNNgaTdGDITg=
golang.org/x/sys v0.11.0/go.mod h1:oPkhp1MJrh7nUepCBck5+mAzfO9JrbApNNgaTdGDITg=
golang.org/x/sys v0.12.0 h1:CM0HF96J0hcLAwsHPJZjfdNzs0gftsLfgKt57wWHJ0o=
golang.org/x/sys v0.12.0/go.mod h1:oPkhp1MJrh7nUepCBck5+mAzfO9JrbApNNgaTdGDITg=
golang.org/x/sys v0.33.0 h1:q3i8TbbEz+JRD9ywIRlyRAQbM0qF7hu24q3teo2hbuw=
golang.org/x/sys v0.33.0/go.mod h1:BJP2sWEmIv4KK5OTEluFJCKSidICx8ciO85XgH3Ak8k=
golang.org/x/term v0.0.0-20201126162022-7de9c90e9dd1/go.mod h1:bj7SfCRtBDWHUb9snDiAeCFNEtKQo2Wmx5Cou7ajbmo=
golang.org/x/term v0.0.0-20210927222741-03fcf44c2211/go.mod h1:jbD1KX2456YbFQfuXm/mYQcufACuNUgVhRMnK/tPxf8=
golang.org/x/term v0.5.0/go.mod h1:jMB1sMXY+tzblOD4FWmEbocvup2/aLOaQEp7JmGp78k=
golang.org/x/term v0.6.0 h1:clScbb1cHjoCkyRbWwBEUZ5H/tIFu5TAXIqaZD0Gcjw=
golang.org/x/term v0.6.0/go.mod h1:m6U89DPEgQRMq3DNkDClhWw02AUbt2daBVO4cn4Hv9U=
golang.org/x/text v0.3.0/go.mod h1:NqM8EUOU14njkJ3fqMW+pc6Ldnwhi/IjpwHt7yyuwOQ=
golang.org/x/text v0.3.3/go.mod h1:5Zoc/QRtKVWzQhOtBMvqHzDpF6irO9z98xDceosuGiQ=
golang.org/x/text v0.3.7/go.mod h1:u+2+/6zg+i71rQMx5EYifcz6MCKuco9NR6JIITiCfzQ=
golang.org/x/text v0.3.8 h1:nAL+RVCQ9uMn3vJZbV+MRnydTJFPf8qqY42YiA6MrqY=
golang.org/x/text v0.3.8/go.mod h1:E6s5w1FMmriuDzIBO73fBruAKo1PCIq6d2Q6DHfQ8WQ=
golang.org/x/text v0.7.0/go.mod h1:mrYo+phRRbMaCq/xk9113O4dZlRixOauAjOtrjsXDZ8=
golang.org/x/text v0.13.0/go.mod h1:TvPlkZtksWOMsz7fbANvkp4WM8x/WCo/om8BMLbz+aE=
golang.org/x/text v0.25.0/go.mod h1:WEdwpYrmk1qmdHvhkSTNPm3app7v4rsT8F2UD6+VHIA=
golang.org/x/tools v0.0.0-20180917221912-90fa682c2a6e/go.mod h1:n7NCudcB/nEzxVGmLbDWY5pfWTLqBcC2KZ6jyYvM4mQ=
golang.org/x/tools v0.0.0-20191119224855-298f0cb1881e/go.mod h1:b+2E5dAYhXwXZwtnZ6UAqBI28+e2cm9otk0dWdXHAEo=
golang.org/x/tools v0.1.12/go.mod h1:hNGJHUnrk76NpqgfD5Aqm5Crs+Hm0VOH/i9J2+nxYbc=
golang.org/x/tools v0.6.0/go.mod h1:Xwgl3UAJ/d3gWutnCtw505GrjyAbvKui8lOU390QaIU=
golang.org/x/xerrors v0.0.0-20190717185122-a985d3407aa7/go.mod h1:I/5z698sn9Ka8TeJc9MKroUUfqBBauWjQqLJ2OPfmY0=
golang.org/x/xerrors v0.0.0-20191204190536-9bdfabe68543/go.mod h1:I/5z698sn9Ka8TeJc9MKroUUfqBBauWjQqLJ2OPfmY0=
gopkg.in/check.v1 v0.0.0-20161208181325-20d25e280405/go.mod h1:Co6ibVJAznAaIkqp8huTwlJQCZ016jof/cbN4VW5Yz0=
gopkg.in/yaml.v3 v3.0.0-20200313102051-9f266ea9e77c/go.mod h1:K4uyk7z7BCEPqu6E+C64Yfv1cQ7kz7rIZviUmN+EgEM=
gopkg.in/yaml.v3 v3.0.1/go.mod h1:K4uyk7z7BCEPqu6E+C64Yfv1cQ7kz7rIZviUmN+EgEM=
